
Microsoft Visual Studio Solution File, Format Version 12.00
# Visual Studio Version 17
VisualStudioVersion = 17.2.32616.157
MinimumVisualStudioVersion = 10.0.40219.1
Project("{FAE04EC0-301F-11D3-BF4B-00C04F79EFBC}") = "SpotifyCompanion", "SpotifyCompanion.csproj", "{378577E9-7AEF-4896-9FD0-24A7F9EA7159}"
EndProject
Global
	GlobalSection(SolutionConfigurationPlatforms) = preSolution
		Debug|Any CPU = Debug|Any CPU
		Release|Any CPU = Release|Any CPU
	EndGlobalSection
	GlobalSection(ProjectConfigurationPlatforms) = postSolution
		{378577E9-7AEF-4896-9FD0-24A7F9EA7159}.Debug|Any CPU.ActiveCfg = Debug|Any CPU
		{378577E9-7AEF-4896-9FD0-24A7F9EA7159}.Debug|Any CPU.Build.0 = Debug|Any CPU
		{378577E9-7AEF-4896-9FD0-24A7F9EA7159}.Release|Any CPU.ActiveCfg = Release|Any CPU
		{378577E9-7AEF-4896-9FD0-24A7F9EA7159}.Release|Any CPU.Build.0 = Release|Any CPU
	EndGlobalSection
	GlobalSection(SolutionProperties) = preSolution
		HideSolutionNode = FALSE
	EndGlobalSection
	GlobalSection(ExtensibilityGlobals) = postSolution
		SolutionGuid = {002FF9A6-1989-4EC9-AFC0-0AFE1A6EF213}
	EndGlobalSection
EndGlobal
